
Microsoft Visual Studio Solution File, Format Version 12.00
# Visual Studio Version 16
VisualStudioVersion = 16.0.29806.167
MinimumVisualStudioVersion = 10.0.40219.1
Project("{FAE04EC0-301F-11D3-BF4B-00C04F79EFBC}") = "Glory", "Glory\Glory.csproj", "{2F98173C-9C43-4368-B6F8-5D2E22B475D2}"
EndProject
Project("{FAE04EC0-301F-11D3-BF4B-00C04F79EFBC}") = "GloryDemo", "GloryDemo\GloryDemo.csproj", "{CF1AF17F-B40D-4C7F-9612-31C9BDA1394B}"
	ProjectSection(ProjectDependencies) = postProject
		{2F98173C-9C43-4368-B6F8-5D2E22B475D2} = {2F98173C-9C43-4368-B6F8-5D2E22B475D2}
	EndProjectSection
EndProject
Project("{2150E333-8FDC-42A3-9474-1A3956D46DE8}") = "Solution Items", "Solution Items", "{83278A40-173A-4C8A-BCB0-80DA0BD939A3}"
	ProjectSection(SolutionItems) = preProject
		deslang.exe = deslang.exe
		rolex.exe = rolex.exe
	EndProjectSection
EndProject
Global
	GlobalSection(SolutionConfigurationPlatforms) = preSolution
		Debug|Any CPU = Debug|Any CPU
		Release|Any CPU = Release|Any CPU
	EndGlobalSection
	GlobalSection(ProjectConfigurationPlatforms) = postSolution
		{2F98173C-9C43-4368-B6F8-5D2E22B475D2}.Debug|Any CPU.ActiveCfg = Debug|Any CPU
		{2F98173C-9C43-4368-B6F8-5D2E22B475D2}.Debug|Any CPU.Build.0 = Debug|Any CPU
		{2F98173C-9C43-4368-B6F8-5D2E22B475D2}.Release|Any CPU.ActiveCfg = Release|Any CPU
		{2F98173C-9C43-4368-B6F8-5D2E22B475D2}.Release|Any CPU.Build.0 = Release|Any CPU
		{CF1AF17F-B40D-4C7F-9612-31C9BDA1394B}.Debug|Any CPU.ActiveCfg = Debug|Any CPU
		{CF1AF17F-B40D-4C7F-9612-31C9BDA1394B}.Debug|Any CPU.Build.0 = Debug|Any CPU
		{CF1AF17F-B40D-4C7F-9612-31C9BDA1394B}.Release|Any CPU.ActiveCfg = Release|Any CPU
		{CF1AF17F-B40D-4C7F-9612-31C9BDA1394B}.Release|Any CPU.Build.0 = Release|Any CPU
	EndGlobalSection
	GlobalSection(SolutionProperties) = preSolution
		HideSolutionNode = FALSE
	EndGlobalSection
	GlobalSection(ExtensibilityGlobals) = postSolution
		SolutionGuid = {B20FDD7A-B0FB-4CA4-B17D-A371F64E10C3}
	EndGlobalSection
EndGlobal
